
Microsoft Visual Studio Solution File, Format Version 12.00
# Visual Studio 15
VisualStudioVersion = 15.0.28307.1231
MinimumVisualStudioVersion = 10.0.40219.1
Project("{FAE04EC0-301F-11D3-BF4B-00C04F79EFBC}") = "MemeMarketeerApp", "MemeMarketeerApp\MemeMarketeerApp.csproj", "{12BC7C70-492B-4624-9910-05A97CE8A77F}"
EndProject
Global
	GlobalSection(SolutionConfigurationPlatforms) = preSolution
		Debug|Any CPU = Debug|Any CPU
		Release|Any CPU = Release|Any CPU
	EndGlobalSection
	GlobalSection(ProjectConfigurationPlatforms) = postSolution
		{12BC7C70-492B-4624-9910-05A97CE8A77F}.Debug|Any CPU.ActiveCfg = Debug|Any CPU
		{12BC7C70-492B-4624-9910-05A97CE8A77F}.Debug|Any CPU.Build.0 = Debug|Any CPU
		{12BC7C70-492B-4624-9910-05A97CE8A77F}.Release|Any CPU.ActiveCfg = Release|Any CPU
		{12BC7C70-492B-4624-9910-05A97CE8A77F}.Release|Any CPU.Build.0 = Release|Any CPU
	EndGlobalSection
	GlobalSection(SolutionProperties) = preSolution
		HideSolutionNode = FALSE
	EndGlobalSection
	GlobalSection(ExtensibilityGlobals) = postSolution
		SolutionGuid = {75E26262-038C-4D9C-AC02-B889A32926F2}
	EndGlobalSection
EndGlobal
